
Microsoft Visual Studio Solution File, Format Version 12.00
# Visual Studio Version 17
VisualStudioVersion = 17.13.35931.197
MinimumVisualStudioVersion = 10.0.40219.1
Project("{FAE04EC0-301F-11D3-BF4B-00C04F79EFBC}") = "MA-Portfolio.MVC", "MA-Portfolio.MVC\MA-Portfolio.MVC.csproj", "{85BF981B-F99E-45C1-AACC-D65C626BE8F0}"
EndProject
Project("{2150E333-8FDC-42A3-9474-1A3956D46DE8}") = "MA-Portfolio.Entities", "MA-Portfolio.Entities", "{02EA681E-C7D8-13C7-8484-4AC65E1B71E8}"
EndProject
Project("{FAE04EC0-301F-11D3-BF4B-00C04F79EFBC}") = "MA-Portfolio.Entities", "MA-Portfolio.Entities\MA-Portfolio.Entities.csproj", "{7F748ABA-DE02-4AA8-B608-250FF708BB98}"
EndProject
Project("{FAE04EC0-301F-11D3-BF4B-00C04F79EFBC}") = "MA-Portfolio.API", "MA-Portfolio.API\MA-Portfolio.API.csproj", "{E1B7100B-976D-4B6A-8043-588E714A06DE}"
EndProject
Project("{2150E333-8FDC-42A3-9474-1A3956D46DE8}") = "MA-Portfolio.DAL", "MA-Portfolio.DAL", "{FA527D6E-4276-4968-8ECA-273F37412E92}"
EndProject
Project("{FAE04EC0-301F-11D3-BF4B-00C04F79EFBC}") = "MA-Portfolio.DAL", "MA-Portfolio.DAL\MA-Portfolio.DAL.csproj", "{16C6332A-A3CA-47F3-91B9-AD589B378B39}"
EndProject
Project("{2150E333-8FDC-42A3-9474-1A3956D46DE8}") = "MA-Portfolio.DTOs", "MA-Portfolio.DTOs", "{A95553C2-17E7-45ED-92CD-23839A5C7DC7}"
EndProject
Project("{FAE04EC0-301F-11D3-BF4B-00C04F79EFBC}") = "MA-Portfolio.DTOs", "MA-Portfolio.DTOs\MA-Portfolio.DTOs.csproj", "{E6866361-5250-46CF-A97F-5F40A0DDF9A0}"
EndProject
Project("{2150E333-8FDC-42A3-9474-1A3956D46DE8}") = "MA-Portfolio.Common", "MA-Portfolio.Common", "{2BC122B5-83A8-4EA7-A720-41054F02A787}"
EndProject
Project("{FAE04EC0-301F-11D3-BF4B-00C04F79EFBC}") = "MA-Portfolio.Common", "MA-Portfolio.Common\MA-Portfolio.Common.csproj", "{9494C95A-AB04-4A03-80B1-AABDE6644508}"
EndProject
Project("{2150E333-8FDC-42A3-9474-1A3956D46DE8}") = "MA-Portfolio.BLL", "MA-Portfolio.BLL", "{1ED22B36-D203-4F8F-93E9-9B9E8141C6D4}"
EndProject
Project("{FAE04EC0-301F-11D3-BF4B-00C04F79EFBC}") = "MA-Portfolio.BLL", "MA-Portfolio.BLL\MA-Portfolio.BLL.csproj", "{6223D3C5-43F5-4194-AEEE-6B8D3762030C}"
EndProject
Project("{2150E333-8FDC-42A3-9474-1A3956D46DE8}") = "MA-Portfolio.Mapper", "MA-Portfolio.Mapper", "{9050F0AE-A6D5-4F53-8DCC-0C0431F73DD1}"
EndProject
Project("{FAE04EC0-301F-11D3-BF4B-00C04F79EFBC}") = "MA-Portfolio.Mapper", "MA-Portfolio.Mapper\MA-Portfolio.Mapper.csproj", "{6DE24261-CAFC-4457-B25D-7C18CE1C5595}"
EndProject
Global
	GlobalSection(SolutionConfigurationPlatforms) = preSolution
		Debug|Any CPU = Debug|Any CPU
		Release|Any CPU = Release|Any CPU
	EndGlobalSection
	GlobalSection(ProjectConfigurationPlatforms) = postSolution
		{85BF981B-F99E-45C1-AACC-D65C626BE8F0}.Debug|Any CPU.ActiveCfg = Debug|Any CPU
		{85BF981B-F99E-45C1-AACC-D65C626BE8F0}.Debug|Any CPU.Build.0 = Debug|Any CPU
		{85BF981B-F99E-45C1-AACC-D65C626BE8F0}.Release|Any CPU.ActiveCfg = Release|Any CPU
		{85BF981B-F99E-45C1-AACC-D65C626BE8F0}.Release|Any CPU.Build.0 = Release|Any CPU
		{7F748ABA-DE02-4AA8-B608-250FF708BB98}.Debug|Any CPU.ActiveCfg = Debug|Any CPU
		{7F748ABA-DE02-4AA8-B608-250FF708BB98}.Debug|Any CPU.Build.0 = Debug|Any CPU
		{7F748ABA-DE02-4AA8-B608-250FF708BB98}.Release|Any CPU.ActiveCfg = Release|Any CPU
		{7F748ABA-DE02-4AA8-B608-250FF708BB98}.Release|Any CPU.Build.0 = Release|Any CPU
		{E1B7100B-976D-4B6A-8043-588E714A06DE}.Debug|Any CPU.ActiveCfg = Debug|Any CPU
		{E1B7100B-976D-4B6A-8043-588E714A06DE}.Debug|Any CPU.Build.0 = Debug|Any CPU
		{E1B7100B-976D-4B6A-8043-588E714A06DE}.Release|Any CPU.ActiveCfg = Release|Any CPU
		{E1B7100B-976D-4B6A-8043-588E714A06DE}.Release|Any CPU.Build.0 = Release|Any CPU
		{16C6332A-A3CA-47F3-91B9-AD589B378B39}.Debug|Any CPU.ActiveCfg = Debug|Any CPU
		{16C6332A-A3CA-47F3-91B9-AD589B378B39}.Debug|Any CPU.Build.0 = Debug|Any CPU
		{16C6332A-A3CA-47F3-91B9-AD589B378B39}.Release|Any CPU.ActiveCfg = Release|Any CPU
		{16C6332A-A3CA-47F3-91B9-AD589B378B39}.Release|Any CPU.Build.0 = Release|Any CPU
		{E6866361-5250-46CF-A97F-5F40A0DDF9A0}.Debug|Any CPU.ActiveCfg = Debug|Any CPU
		{E6866361-5250-46CF-A97F-5F40A0DDF9A0}.Debug|Any CPU.Build.0 = Debug|Any CPU
		{E6866361-5250-46CF-A97F-5F40A0DDF9A0}.Release|Any CPU.ActiveCfg = Release|Any CPU
		{E6866361-5250-46CF-A97F-5F40A0DDF9A0}.Release|Any CPU.Build.0 = Release|Any CPU
		{9494C95A-AB04-4A03-80B1-AABDE6644508}.Debug|Any CPU.ActiveCfg = Debug|Any CPU
		{9494C95A-AB04-4A03-80B1-AABDE6644508}.Debug|Any CPU.Build.0 = Debug|Any CPU
		{9494C95A-AB04-4A03-80B1-AABDE6644508}.Release|Any CPU.ActiveCfg = Release|Any CPU
		{9494C95A-AB04-4A03-80B1-AABDE6644508}.Release|Any CPU.Build.0 = Release|Any CPU
		{6223D3C5-43F5-4194-AEEE-6B8D3762030C}.Debug|Any CPU.ActiveCfg = Debug|Any CPU
		{6223D3C5-43F5-4194-AEEE-6B8D3762030C}.Debug|Any CPU.Build.0 = Debug|Any CPU
		{6223D3C5-43F5-4194-AEEE-6B8D3762030C}.Release|Any CPU.ActiveCfg = Release|Any CPU
		{6223D3C5-43F5-4194-AEEE-6B8D3762030C}.Release|Any CPU.Build.0 = Release|Any CPU
		{6DE24261-CAFC-4457-B25D-7C18CE1C5595}.Debug|Any CPU.ActiveCfg = Debug|Any CPU
		{6DE24261-CAFC-4457-B25D-7C18CE1C5595}.Debug|Any CPU.Build.0 = Debug|Any CPU
		{6DE24261-CAFC-4457-B25D-7C18CE1C5595}.Release|Any CPU.ActiveCfg = Release|Any CPU
		{6DE24261-CAFC-4457-B25D-7C18CE1C5595}.Release|Any CPU.Build.0 = Release|Any CPU
	EndGlobalSection
	GlobalSection(SolutionProperties) = preSolution
		HideSolutionNode = FALSE
	EndGlobalSection
	GlobalSection(NestedProjects) = preSolution
		{7F748ABA-DE02-4AA8-B608-250FF708BB98} = {02EA681E-C7D8-13C7-8484-4AC65E1B71E8}
		{16C6332A-A3CA-47F3-91B9-AD589B378B39} = {FA527D6E-4276-4968-8ECA-273F37412E92}
		{E6866361-5250-46CF-A97F-5F40A0DDF9A0} = {A95553C2-17E7-45ED-92CD-23839A5C7DC7}
		{9494C95A-AB04-4A03-80B1-AABDE6644508} = {2BC122B5-83A8-4EA7-A720-41054F02A787}
		{6223D3C5-43F5-4194-AEEE-6B8D3762030C} = {1ED22B36-D203-4F8F-93E9-9B9E8141C6D4}
		{6DE24261-CAFC-4457-B25D-7C18CE1C5595} = {9050F0AE-A6D5-4F53-8DCC-0C0431F73DD1}
	EndGlobalSection
	GlobalSection(ExtensibilityGlobals) = postSolution
		SolutionGuid = {C1588864-049D-4518-91A5-610D7FF11402}
	EndGlobalSection
EndGlobal
